
Microsoft Visual Studio Solution File, Format Version 11.00
# Visual Studio 2010
Project("{FAE04EC0-301F-11D3-BF4B-00C04F79EFBC}") = "Planning", "Planning\Planning.csproj", "{E6E0FFCD-0C83-4E34-9A6A-86D8F3D4DE1E}"
EndProject
Global
	GlobalSection(SolutionConfigurationPlatforms) = preSolution
		Debug|Any CPU = Debug|Any CPU
		Release|Any CPU = Release|Any CPU
	EndGlobalSection
	GlobalSection(ProjectConfigurationPlatforms) = postSolution
		{E6E0FFCD-0C83-4E34-9A6A-86D8F3D4DE1E}.Debug|Any CPU.ActiveCfg = Debug|Any CPU
		{E6E0FFCD-0C83-4E34-9A6A-86D8F3D4DE1E}.Debug|Any CPU.Build.0 = Debug|Any CPU
		{E6E0FFCD-0C83-4E34-9A6A-86D8F3D4DE1E}.Debug|Any CPU.Deploy.0 = Debug|Any CPU
		{E6E0FFCD-0C83-4E34-9A6A-86D8F3D4DE1E}.Release|Any CPU.ActiveCfg = Release|Any CPU
		{E6E0FFCD-0C83-4E34-9A6A-86D8F3D4DE1E}.Release|Any CPU.Build.0 = Release|Any CPU
		{E6E0FFCD-0C83-4E34-9A6A-86D8F3D4DE1E}.Release|Any CPU.Deploy.0 = Release|Any CPU
	EndGlobalSection
	GlobalSection(SolutionProperties) = preSolution
		HideSolutionNode = FALSE
	EndGlobalSection
EndGlobal
